
Microsoft Visual Studio Solution File, Format Version 12.00
# Visual Studio 15
VisualStudioVersion = 15.0.26228.9
MinimumVisualStudioVersion = 10.0.40219.1
Project("{F184B08F-C81C-45F6-A57F-5ABD9991F28F}") = "Devin Campbell - Assignment 8", "Devin Campbell - Assignment 8\Devin Campbell - Assignment 8.vbproj", "{855E784E-8254-4C97-8930-19258B8A5152}"
EndProject
Global
	GlobalSection(SolutionConfigurationPlatforms) = preSolution
		Debug|Any CPU = Debug|Any CPU
		Release|Any CPU = Release|Any CPU
	EndGlobalSection
	GlobalSection(ProjectConfigurationPlatforms) = postSolution
		{855E784E-8254-4C97-8930-19258B8A5152}.Debug|Any CPU.ActiveCfg = Debug|Any CPU
		{855E784E-8254-4C97-8930-19258B8A5152}.Debug|Any CPU.Build.0 = Debug|Any CPU
		{855E784E-8254-4C97-8930-19258B8A5152}.Release|Any CPU.ActiveCfg = Release|Any CPU
		{855E784E-8254-4C97-8930-19258B8A5152}.Release|Any CPU.Build.0 = Release|Any CPU
	EndGlobalSection
	GlobalSection(SolutionProperties) = preSolution
		HideSolutionNode = FALSE
	EndGlobalSection
EndGlobal
